// !$*UTF8*$!
{
	archiveVersion = 1;
	classes = {
	};
	objectVersion = 46;
	objects = {

/* Begin PBXBuildFile section */
		076E64D71A10493A00407989 /* AppDelegate.swift in Sources */ = {isa = PBXBuildFile; fileRef = 076E64CB1A10493A00407989 /* AppDelegate.swift */; };
		076E64D81A10493A00407989 /* LaunchScreen.xib in Resources */ = {isa = PBXBuildFile; fileRef = 076E64CC1A10493A00407989 /* LaunchScreen.xib */; };
		076E64D91A10493A00407989 /* Main.storyboard in Resources */ = {isa = PBXBuildFile; fileRef = 076E64CE1A10493A00407989 /* Main.storyboard */; };
		076E64DA1A10493A00407989 /* Images.xcassets in Resources */ = {isa = PBXBuildFile; fileRef = 076E64D01A10493A00407989 /* Images.xcassets */; };
		076E64DD1A10493A00407989 /* ViewController.swift in Sources */ = {isa = PBXBuildFile; fileRef = 076E64D31A10493A00407989 /* ViewController.swift */; };
		076E64DE1A10493A00407989 /* Info.plist in Resources */ = {isa = PBXBuildFile; fileRef = 076E64D51A10493A00407989 /* Info.plist */; };
		076E64E31A10498D00407989 /* shadygladeTests.swift in Sources */ = {isa = PBXBuildFile; fileRef = 076E64E21A10498D00407989 /* shadygladeTests.swift */; };
		07D6A57F1A2BB9DC00439611 /* DismissSegue.swift in Sources */ = {isa = PBXBuildFile; fileRef = 07D6A57E1A2BB9DC00439611 /* DismissSegue.swift */; };
		07D6A5821A2BC02600439611 /* settings.png in Resources */ = {isa = PBXBuildFile; fileRef = 07D6A5811A2BC02600439611 /* settings.png */; };
		07D6A5841A2BC40300439611 /* SettingsController.swift in Sources */ = {isa = PBXBuildFile; fileRef = 07D6A5831A2BC40300439611 /* SettingsController.swift */; };
		F7356F15DBA247BEA6131936 /* libPods.a in Frameworks */ = {isa = PBXBuildFile; fileRef = FDCF6CF5BD294F0DA5E7F132 /* libPods.a */; };
/* End PBXBuildFile section */

/* Begin PBXContainerItemProxy section */
		078C2EEA19CF31A3006938DA /* PBXContainerItemProxy */ = {
			isa = PBXContainerItemProxy;
			containerPortal = 078C2ECC19CF31A3006938DA /* Project object */;
			proxyType = 1;
			remoteGlobalIDString = 078C2ED319CF31A3006938DA;
			remoteInfo = shadyglade;
		};
/* End PBXContainerItemProxy section */

/* Begin PBXCopyFilesBuildPhase section */
		076F9DE919CFA6EA00A8DCEF /* CopyFiles */ = {
			isa = PBXCopyFilesBuildPhase;
			buildActionMask = 2147483647;
			dstPath = "";
			dstSubfolderSpec = 10;
			files = (
			);
			runOnlyForDeploymentPostprocessing = 0;
		};
/* End PBXCopyFilesBuildPhase section */

/* Begin PBXFileReference section */
		07664F971A226808009641EA /* shadyglade-Bridging-Header.h */ = {isa = PBXFileReference; fileEncoding = 4; lastKnownFileType = sourcecode.c.h; path = "shadyglade-Bridging-Header.h"; sourceTree = "<group>"; };
		076C72431A22C6E000EF1392 /* SwiftyJSON.framework */ = {isa = PBXFileReference; lastKnownFileType = wrapper.framework; name = SwiftyJSON.framework; path = "SwiftyJSON/build/Debug-iphoneos/SwiftyJSON.framework"; sourceTree = "<group>"; };
		076E64CB1A10493A00407989 /* AppDelegate.swift */ = {isa = PBXFileReference; fileEncoding = 4; lastKnownFileType = sourcecode.swift; path = AppDelegate.swift; sourceTree = "<group>"; };
		076E64CD1A10493A00407989 /* Base */ = {isa = PBXFileReference; lastKnownFileType = file.xib; name = Base; path = Base.lproj/LaunchScreen.xib; sourceTree = "<group>"; };
		076E64CF1A10493A00407989 /* Base */ = {isa = PBXFileReference; lastKnownFileType = file.storyboard; name = Base; path = Base.lproj/Main.storyboard; sourceTree = "<group>"; };
		076E64D01A10493A00407989 /* Images.xcassets */ = {isa = PBXFileReference; lastKnownFileType = folder.assetcatalog; path = Images.xcassets; sourceTree = "<group>"; };
		076E64D11A10493A00407989 /* Info.plist */ = {isa = PBXFileReference; fileEncoding = 4; lastKnownFileType = text.plist.xml; path = Info.plist; sourceTree = "<group>"; };
		076E64D31A10493A00407989 /* ViewController.swift */ = {isa = PBXFileReference; fileEncoding = 4; lastKnownFileType = sourcecode.swift; path = ViewController.swift; sourceTree = "<group>"; };
		076E64D51A10493A00407989 /* Info.plist */ = {isa = PBXFileReference; fileEncoding = 4; lastKnownFileType = text.plist.xml; path = Info.plist; sourceTree = "<group>"; };
		076E64E21A10498D00407989 /* shadygladeTests.swift */ = {isa = PBXFileReference; fileEncoding = 4; lastKnownFileType = sourcecode.swift; path = shadygladeTests.swift; sourceTree = "<group>"; };
		078C2ED419CF31A3006938DA /* shadyglade.app */ = {isa = PBXFileReference; explicitFileType = wrapper.application; includeInIndex = 0; path = shadyglade.app; sourceTree = BUILT_PRODUCTS_DIR; };
		078C2EE919CF31A3006938DA /* shadygladeTests.xctest */ = {isa = PBXFileReference; explicitFileType = wrapper.cfbundle; includeInIndex = 0; path = shadygladeTests.xctest; sourceTree = BUILT_PRODUCTS_DIR; };
		07D6A57E1A2BB9DC00439611 /* DismissSegue.swift */ = {isa = PBXFileReference; fileEncoding = 4; lastKnownFileType = sourcecode.swift; path = DismissSegue.swift; sourceTree = "<group>"; };
		07D6A5811A2BC02600439611 /* settings.png */ = {isa = PBXFileReference; lastKnownFileType = image.png; path = settings.png; sourceTree = "<group>"; };
		07D6A5831A2BC40300439611 /* SettingsController.swift */ = {isa = PBXFileReference; fileEncoding = 4; lastKnownFileType = sourcecode.swift; path = SettingsController.swift; sourceTree = "<group>"; };
		72A31B0E99E6486FB9920372 /* Pods.xcconfig */ = {isa = PBXFileReference; includeInIndex = 1; lastKnownFileType = text.xcconfig; name = Pods.xcconfig; path = Pods/Pods.xcconfig; sourceTree = "<group>"; };
		FDCF6CF5BD294F0DA5E7F132 /* libPods.a */ = {isa = PBXFileReference; explicitFileType = archive.ar; includeInIndex = 0; path = libPods.a; sourceTree = BUILT_PRODUCTS_DIR; };
/* End PBXFileReference section */

/* Begin PBXFrameworksBuildPhase section */
		078C2ED119CF31A3006938DA /* Frameworks */ = {
			isa = PBXFrameworksBuildPhase;
			buildActionMask = 2147483647;
			files = (
				F7356F15DBA247BEA6131936 /* libPods.a in Frameworks */,
			);
			runOnlyForDeploymentPostprocessing = 0;
		};
		078C2EE619CF31A3006938DA /* Frameworks */ = {
			isa = PBXFrameworksBuildPhase;
			buildActionMask = 2147483647;
			files = (
			);
			runOnlyForDeploymentPostprocessing = 0;
		};
/* End PBXFrameworksBuildPhase section */

/* Begin PBXGroup section */
		076E64CA1A10493A00407989 /* shadyglade */ = {
			isa = PBXGroup;
			children = (
				07D6A5801A2BBFD700439611 /* images */,
				076E64CB1A10493A00407989 /* AppDelegate.swift */,
				076E64CC1A10493A00407989 /* LaunchScreen.xib */,
				076E64CE1A10493A00407989 /* Main.storyboard */,
				076E64D01A10493A00407989 /* Images.xcassets */,
				076E64D11A10493A00407989 /* Info.plist */,
				076E64D31A10493A00407989 /* ViewController.swift */,
				07664F971A226808009641EA /* shadyglade-Bridging-Header.h */,
				07D6A57E1A2BB9DC00439611 /* DismissSegue.swift */,
				07D6A5831A2BC40300439611 /* SettingsController.swift */,
			);
			path = shadyglade;
			sourceTree = "<group>";
		};
		076E64D41A10493A00407989 /* shadygladeTests */ = {
			isa = PBXGroup;
			children = (
				076E64E21A10498D00407989 /* shadygladeTests.swift */,
				076E64D51A10493A00407989 /* Info.plist */,
			);
			path = shadygladeTests;
			sourceTree = "<group>";
		};
		078C2ECB19CF31A3006938DA = {
			isa = PBXGroup;
			children = (
				076E64CA1A10493A00407989 /* shadyglade */,
				076E64D41A10493A00407989 /* shadygladeTests */,
				078C2ED519CF31A3006938DA /* Products */,
				F3FF205A076245B3941589B8 /* Frameworks */,
				72A31B0E99E6486FB9920372 /* Pods.xcconfig */,
			);
			sourceTree = "<group>";
		};
		078C2ED519CF31A3006938DA /* Products */ = {
			isa = PBXGroup;
			children = (
				078C2ED419CF31A3006938DA /* shadyglade.app */,
				078C2EE919CF31A3006938DA /* shadygladeTests.xctest */,
			);
			name = Products;
			sourceTree = "<group>";
		};
		07D6A5801A2BBFD700439611 /* images */ = {
			isa = PBXGroup;
			children = (
				07D6A5811A2BC02600439611 /* settings.png */,
			);
			name = images;
			sourceTree = "<group>";
		};
		F3FF205A076245B3941589B8 /* Frameworks */ = {
			isa = PBXGroup;
			children = (
				076C72431A22C6E000EF1392 /* SwiftyJSON.framework */,
				FDCF6CF5BD294F0DA5E7F132 /* libPods.a */,
			);
			name = Frameworks;
			sourceTree = "<group>";
		};
/* End PBXGroup section */

/* Begin PBXNativeTarget section */
		078C2ED319CF31A3006938DA /* shadyglade */ = {
			isa = PBXNativeTarget;
			buildConfigurationList = 078C2EF319CF31A3006938DA /* Build configuration list for PBXNativeTarget "shadyglade" */;
			buildPhases = (
				B8348E2BC3754E608D7103FF /* Check Pods Manifest.lock */,
				078C2ED019CF31A3006938DA /* Sources */,
				078C2ED119CF31A3006938DA /* Frameworks */,
				078C2ED219CF31A3006938DA /* Resources */,
				076F9DE919CFA6EA00A8DCEF /* CopyFiles */,
				625AE6EFF14F4DB4A1C0F39A /* Copy Pods Resources */,
			);
			buildRules = (
			);
			dependencies = (
			);
			name = shadyglade;
			productName = shadyglade;
			productReference = 078C2ED419CF31A3006938DA /* shadyglade.app */;
			productType = "com.apple.product-type.application";
		};
		078C2EE819CF31A3006938DA /* shadygladeTests */ = {
			isa = PBXNativeTarget;
			buildConfigurationList = 078C2EF619CF31A3006938DA /* Build configuration list for PBXNativeTarget "shadygladeTests" */;
			buildPhases = (
				078C2EE519CF31A3006938DA /* Sources */,
				078C2EE619CF31A3006938DA /* Frameworks */,
				078C2EE719CF31A3006938DA /* Resources */,
			);
			buildRules = (
			);
			dependencies = (
				078C2EEB19CF31A3006938DA /* PBXTargetDependency */,
			);
			name = shadygladeTests;
			productName = shadygladeTests;
			productReference = 078C2EE919CF31A3006938DA /* shadygladeTests.xctest */;
			productType = "com.apple.product-type.bundle.unit-test";
		};
/* End PBXNativeTarget section */

/* Begin PBXProject section */
		078C2ECC19CF31A3006938DA /* Project object */ = {
			isa = PBXProject;
			attributes = {
				LastUpgradeCheck = 0610;
				ORGANIZATIONNAME = "Eric Buehl";
				TargetAttributes = {
					078C2ED319CF31A3006938DA = {
						CreatedOnToolsVersion = 6.0.1;
						DevelopmentTeam = LGZ9H7XXZY;
					};
					078C2EE819CF31A3006938DA = {
						CreatedOnToolsVersion = 6.0.1;
						TestTargetID = 078C2ED319CF31A3006938DA;
					};
				};
			};
			buildConfigurationList = 078C2ECF19CF31A3006938DA /* Build configuration list for PBXProject "shadyglade" */;
			compatibilityVersion = "Xcode 3.2";
			developmentRegion = English;
			hasScannedForEncodings = 0;
			knownRegions = (
				en,
				Base,
			);
			mainGroup = 078C2ECB19CF31A3006938DA;
			productRefGroup = 078C2ED519CF31A3006938DA /* Products */;
			projectDirPath = "";
			projectRoot = "";
			targets = (
				078C2ED319CF31A3006938DA /* shadyglade */,
				078C2EE819CF31A3006938DA /* shadygladeTests */,
			);
		};
/* End PBXProject section */

/* Begin PBXResourcesBuildPhase section */
		078C2ED219CF31A3006938DA /* Resources */ = {
			isa = PBXResourcesBuildPhase;
			buildActionMask = 2147483647;
			files = (
				076E64DE1A10493A00407989 /* Info.plist in Resources */,
				07D6A5821A2BC02600439611 /* settings.png in Resources */,
				076E64D81A10493A00407989 /* LaunchScreen.xib in Resources */,
				076E64D91A10493A00407989 /* Main.storyboard in Resources */,
				076E64DA1A10493A00407989 /* Images.xcassets in Resources */,
			);
			runOnlyForDeploymentPostprocessing = 0;
		};
		078C2EE719CF31A3006938DA /* Resources */ = {
			isa = PBXResourcesBuildPhase;
			buildActionMask = 2147483647;
			files = (
			);
			runOnlyForDeploymentPostprocessing = 0;
		};
/* End PBXResourcesBuildPhase section */

/* Begin PBXShellScriptBuildPhase section */
		625AE6EFF14F4DB4A1C0F39A /* Copy Pods Resources */ = {
			isa = PBXShellScriptBuildPhase;
			buildActionMask = 2147483647;
			files = (
			);
			inputPaths = (
			);
			name = "Copy Pods Resources";
			outputPaths = (
			);
			runOnlyForDeploymentPostprocessing = 0;
			shellPath = /bin/sh;
			shellScript = "\"${SRCROOT}/Pods/Pods-resources.sh\"\n";
			showEnvVarsInLog = 0;
		};
		B8348E2BC3754E608D7103FF /* Check Pods Manifest.lock */ = {
			isa = PBXShellScriptBuildPhase;
			buildActionMask = 2147483647;
			files = (
			);
			inputPaths = (
			);
			name = "Check Pods Manifest.lock";
			outputPaths = (
			);
			runOnlyForDeploymentPostprocessing = 0;
			shellPath = /bin/sh;
			shellScript = "diff \"${PODS_ROOT}/../Podfile.lock\" \"${PODS_ROOT}/Manifest.lock\" > /dev/null\nif [[ $? != 0 ]] ; then\n    cat << EOM\nerror: The sandbox is not in sync with the Podfile.lock. Run 'pod install' or update your CocoaPods installation.\nEOM\n    exit 1\nfi\n";
			showEnvVarsInLog = 0;
		};
/* End PBXShellScriptBuildPhase section */

/* Begin PBXSourcesBuildPhase section */
		078C2ED019CF31A3006938DA /* Sources */ = {
			isa = PBXSourcesBuildPhase;
			buildActionMask = 2147483647;
			files = (
				07D6A5841A2BC40300439611 /* SettingsController.swift in Sources */,
				076E64DD1A10493A00407989 /* ViewController.swift in Sources */,
				07D6A57F1A2BB9DC00439611 /* DismissSegue.swift in Sources */,
				076E64D71A10493A00407989 /* AppDelegate.swift in Sources */,
			);
			runOnlyForDeploymentPostprocessing = 0;
		};
		078C2EE519CF31A3006938DA /* Sources */ = {
			isa = PBXSourcesBuildPhase;
			buildActionMask = 2147483647;
			files = (
				076E64E31A10498D00407989 /* shadygladeTests.swift in Sources */,
			);
			runOnlyForDeploymentPostprocessing = 0;
		};
/* End PBXSourcesBuildPhase section */

/* Begin PBXTargetDependency section */
		078C2EEB19CF31A3006938DA /* PBXTargetDependency */ = {
			isa = PBXTargetDependency;
			target = 078C2ED319CF31A3006938DA /* shadyglade */;
			targetProxy = 078C2EEA19CF31A3006938DA /* PBXContainerItemProxy */;
		};
/* End PBXTargetDependency section */

/* Begin PBXVariantGroup section */
		076E64CC1A10493A00407989 /* LaunchScreen.xib */ = {
			isa = PBXVariantGroup;
			children = (
				076E64CD1A10493A00407989 /* Base */,
			);
			name = LaunchScreen.xib;
			sourceTree = "<group>";
		};
		076E64CE1A10493A00407989 /* Main.storyboard */ = {
			isa = PBXVariantGroup;
			children = (
				076E64CF1A10493A00407989 /* Base */,
			);
			name = Main.storyboard;
			sourceTree = "<group>";
		};
/* End PBXVariantGroup section */

/* Begin XCBuildConfiguration section */
		078C2EF119CF31A3006938DA /* Debug */ = {
			isa = XCBuildConfiguration;
			buildSettings = {
				ALWAYS_SEARCH_USER_PATHS = NO;
				CLANG_CXX_LANGUAGE_STANDARD = "gnu++0x";
				CLANG_CXX_LIBRARY = "libc++";
				CLANG_ENABLE_MODULES = YES;
				CLANG_ENABLE_OBJC_ARC = YES;
				CLANG_WARN_BOOL_CONVERSION = YES;
				CLANG_WARN_CONSTANT_CONVERSION = YES;
				CLANG_WARN_DIRECT_OBJC_ISA_USAGE = YES_ERROR;
				CLANG_WARN_EMPTY_BODY = YES;
				CLANG_WARN_ENUM_CONVERSION = YES;
				CLANG_WARN_INT_CONVERSION = YES;
				CLANG_WARN_OBJC_ROOT_CLASS = YES_ERROR;
				CLANG_WARN_UNREACHABLE_CODE = YES;
				CLANG_WARN__DUPLICATE_METHOD_MATCH = YES;
				"CODE_SIGN_IDENTITY[sdk=iphoneos*]" = "iPhone Developer";
				COPY_PHASE_STRIP = NO;
				ENABLE_STRICT_OBJC_MSGSEND = YES;
				GCC_C_LANGUAGE_STANDARD = gnu99;
				GCC_DYNAMIC_NO_PIC = NO;
				GCC_OPTIMIZATION_LEVEL = 0;
				GCC_PREPROCESSOR_DEFINITIONS = (
					"DEBUG=1",
					"$(inherited)",
				);
				GCC_SYMBOLS_PRIVATE_EXTERN = NO;
				GCC_WARN_64_TO_32_BIT_CONVERSION = YES;
				GCC_WARN_ABOUT_RETURN_TYPE = YES_ERROR;
				GCC_WARN_UNDECLARED_SELECTOR = YES;
				GCC_WARN_UNINITIALIZED_AUTOS = YES_AGGRESSIVE;
				GCC_WARN_UNUSED_FUNCTION = YES;
				GCC_WARN_UNUSED_VARIABLE = YES;
				IPHONEOS_DEPLOYMENT_TARGET = 8.0;
				MTL_ENABLE_DEBUG_INFO = YES;
				ONLY_ACTIVE_ARCH = YES;
				SDKROOT = iphoneos;
				SWIFT_OPTIMIZATION_LEVEL = "-Onone";
				TARGETED_DEVICE_FAMILY = "1,2";
			};
			name = Debug;
		};
		078C2EF219CF31A3006938DA /* Release */ = {
			isa = XCBuildConfiguration;
			buildSettings = {
				ALWAYS_SEARCH_USER_PATHS = NO;
				CLANG_CXX_LANGUAGE_STANDARD = "gnu++0x";
				CLANG_CXX_LIBRARY = "libc++";
				CLANG_ENABLE_MODULES = YES;
				CLANG_ENABLE_OBJC_ARC = YES;
				CLANG_WARN_BOOL_CONVERSION = YES;
				CLANG_WARN_CONSTANT_CONVERSION = YES;
				CLANG_WARN_DIRECT_OBJC_ISA_USAGE = YES_ERROR;
				CLANG_WARN_EMPTY_BODY = YES;
				CLANG_WARN_ENUM_CONVERSION = YES;
				CLANG_WARN_INT_CONVERSION = YES;
				CLANG_WARN_OBJC_ROOT_CLASS = YES_ERROR;
				CLANG_WARN_UNREACHABLE_CODE = YES;
				CLANG_WARN__DUPLICATE_METHOD_MATCH = YES;
				"CODE_SIGN_IDENTITY[sdk=iphoneos*]" = "iPhone Developer";
				COPY_PHASE_STRIP = YES;
				ENABLE_NS_ASSERTIONS = NO;
				ENABLE_STRICT_OBJC_MSGSEND = YES;
				GCC_C_LANGUAGE_STANDARD = gnu99;
				GCC_WARN_64_TO_32_BIT_CONVERSION = YES;
				GCC_WARN_ABOUT_RETURN_TYPE = YES_ERROR;
				GCC_WARN_UNDECLARED_SELECTOR = YES;
				GCC_WARN_UNINITIALIZED_AUTOS = YES_AGGRESSIVE;
				GCC_WARN_UNUSED_FUNCTION = YES;
				GCC_WARN_UNUSED_VARIABLE = YES;
				IPHONEOS_DEPLOYMENT_TARGET = 8.0;
				MTL_ENABLE_DEBUG_INFO = NO;
				SDKROOT = iphoneos;
				TARGETED_DEVICE_FAMILY = "1,2";
				VALIDATE_PRODUCT = YES;
			};
			name = Release;
		};
		078C2EF419CF31A3006938DA /* Debug */ = {
			isa = XCBuildConfiguration;
			baseConfigurationReference = 72A31B0E99E6486FB9920372 /* Pods.xcconfig */;
			buildSettings = {
				ASSETCATALOG_COMPILER_APPICON_NAME = AppIcon;
				CODE_SIGN_IDENTITY = "iPhone Developer";
				"CODE_SIGN_IDENTITY[sdk=iphoneos*]" = "iPhone Developer";
				FRAMEWORK_SEARCH_PATHS = (
					"$(inherited)",
					"$(PROJECT_DIR)/SwiftyJSON/build/Debug-iphoneos",
				);
				INFOPLIST_FILE = shadyglade/Info.plist;
				LD_RUNPATH_SEARCH_PATHS = "$(inherited) @executable_path/Frameworks";
				PRODUCT_NAME = shadyglade;
				PROVISIONING_PROFILE = "";
				SWIFT_OBJC_BRIDGING_HEADER = "shadyglade/shadyglade-Bridging-Header.h";
			};
			name = Debug;
		};
		078C2EF519CF31A3006938DA /* Release */ = {
			isa = XCBuildConfiguration;
			baseConfigurationReference = 72A31B0E99E6486FB9920372 /* Pods.xcconfig */;
			buildSettings = {
				ASSETCATALOG_COMPILER_APPICON_NAME = AppIcon;
				CODE_SIGN_IDENTITY = "iPhone Developer";
				"CODE_SIGN_IDENTITY[sdk=iphoneos*]" = "iPhone Developer";
				FRAMEWORK_SEARCH_PATHS = (
					"$(inherited)",
					"$(PROJECT_DIR)/SwiftyJSON/build/Debug-iphoneos",
				);
				INFOPLIST_FILE = shadyglade/Info.plist;
				LD_RUNPATH_SEARCH_PATHS = "$(inherited) @executable_path/Frameworks";
				PRODUCT_NAME = shadyglade;
				PROVISIONING_PROFILE = "";
				SWIFT_OBJC_BRIDGING_HEADER = "shadyglade/shadyglade-Bridging-Header.h";
			};
			name = Release;
		};
		078C2EF719CF31A3006938DA /* Debug */ = {
			isa = XCBuildConfiguration;
			buildSettings = {
				BUNDLE_LOADER = "$(TEST_HOST)";
				FRAMEWORK_SEARCH_PATHS = (
					"$(SDKROOT)/Developer/Library/Frameworks",
					"$(inherited)",
				);
				GCC_PREPROCESSOR_DEFINITIONS = (
					"DEBUG=1",
					"$(inherited)",
				);
				INFOPLIST_FILE = shadygladeTests/Info.plist;
				LD_RUNPATH_SEARCH_PATHS = "$(inherited) @executable_path/Frameworks @loader_path/Frameworks";
				PRODUCT_NAME = shadygladeTests;
				TEST_HOST = "$(BUILT_PRODUCTS_DIR)/shadyglade.app/shadyglade";
			};
			name = Debug;
		};
		078C2EF819CF31A3006938DA /* Release */ = {
			isa = XCBuildConfiguration;
			buildSettings = {
				BUNDLE_LOADER = "$(TEST_HOST)";
				FRAMEWORK_SEARCH_PATHS = (
					"$(SDKROOT)/Developer/Library/Frameworks",
					"$(inherited)",
				);
				INFOPLIST_FILE = shadygladeTests/Info.plist;
				LD_RUNPATH_SEARCH_PATHS = "$(inherited) @executable_path/Frameworks @loader_path/Frameworks";
				PRODUCT_NAME = shadygladeTests;
				TEST_HOST = "$(BUILT_PRODUCTS_DIR)/shadyglade.app/shadyglade";
			};
			name = Release;
		};
/* End XCBuildConfiguration section */

/* Begin XCConfigurationList section */
		078C2ECF19CF31A3006938DA /* Build configuration list for PBXProject "shadyglade" */ = {
			isa = XCConfigurationList;
			buildConfigurations = (
				078C2EF119CF31A3006938DA /* Debug */,
				078C2EF219CF31A3006938DA /* Release */,
			);
			defaultConfigurationIsVisible = 0;
			defaultConfigurationName = Release;
		};
		078C2EF319CF31A3006938DA /* Build configuration list for PBXNativeTarget "shadyglade" */ = {
			isa = XCConfigurationList;
			buildConfigurations = (
				078C2EF419CF31A3006938DA /* Debug */,
				078C2EF519CF31A3006938DA /* Release */,
			);
			defaultConfigurationIsVisible = 0;
			defaultConfigurationName = Release;
		};
		078C2EF619CF31A3006938DA /* Build configuration list for PBXNativeTarget "shadygladeTests" */ = {
			isa = XCConfigurationList;
			buildConfigurations = (
				078C2EF719CF31A3006938DA /* Debug */,
				078C2EF819CF31A3006938DA /* Release */,
			);
			defaultConfigurationIsVisible = 0;
			defaultConfigurationName = Release;
		};
/* End XCConfigurationList section */
	};
	rootObject = 078C2ECC19CF31A3006938DA /* Project object */;
}
