// !$*UTF8*$!
{
	archiveVersion = 1;
	classes = {
	};
	objectVersion = 46;
	objects = {

/* Begin PBXBuildFile section */
		078C2EDA19CF31A3006938DA /* AppDelegate.swift in Sources */ = {isa = PBXBuildFile; fileRef = 078C2ED919CF31A3006938DA /* AppDelegate.swift */; };
		078C2EDC19CF31A3006938DA /* ViewController.swift in Sources */ = {isa = PBXBuildFile; fileRef = 078C2EDB19CF31A3006938DA /* ViewController.swift */; };
		078C2EDF19CF31A3006938DA /* Main.storyboard in Resources */ = {isa = PBXBuildFile; fileRef = 078C2EDD19CF31A3006938DA /* Main.storyboard */; };
		078C2EE119CF31A3006938DA /* Images.xcassets in Resources */ = {isa = PBXBuildFile; fileRef = 078C2EE019CF31A3006938DA /* Images.xcassets */; };
		078C2EE419CF31A3006938DA /* LaunchScreen.xib in Resources */ = {isa = PBXBuildFile; fileRef = 078C2EE219CF31A3006938DA /* LaunchScreen.xib */; };
		078C2EF019CF31A3006938DA /* poolTests.swift in Sources */ = {isa = PBXBuildFile; fileRef = 078C2EEF19CF31A3006938DA /* poolTests.swift */; };
/* End PBXBuildFile section */

/* Begin PBXContainerItemProxy section */
		078C2EEA19CF31A3006938DA /* PBXContainerItemProxy */ = {
			isa = PBXContainerItemProxy;
			containerPortal = 078C2ECC19CF31A3006938DA /* Project object */;
			proxyType = 1;
			remoteGlobalIDString = 078C2ED319CF31A3006938DA;
			remoteInfo = pool;
		};
/* End PBXContainerItemProxy section */

/* Begin PBXFileReference section */
		078C2ED419CF31A3006938DA /* pool.app */ = {isa = PBXFileReference; explicitFileType = wrapper.application; includeInIndex = 0; path = pool.app; sourceTree = BUILT_PRODUCTS_DIR; };
		078C2ED819CF31A3006938DA /* Info.plist */ = {isa = PBXFileReference; lastKnownFileType = text.plist.xml; path = Info.plist; sourceTree = "<group>"; };
		078C2ED919CF31A3006938DA /* AppDelegate.swift */ = {isa = PBXFileReference; lastKnownFileType = sourcecode.swift; path = AppDelegate.swift; sourceTree = "<group>"; };
		078C2EDB19CF31A3006938DA /* ViewController.swift */ = {isa = PBXFileReference; lastKnownFileType = sourcecode.swift; path = ViewController.swift; sourceTree = "<group>"; };
		078C2EDE19CF31A3006938DA /* Base */ = {isa = PBXFileReference; lastKnownFileType = file.storyboard; name = Base; path = Base.lproj/Main.storyboard; sourceTree = "<group>"; };
		078C2EE019CF31A3006938DA /* Images.xcassets */ = {isa = PBXFileReference; lastKnownFileType = folder.assetcatalog; path = Images.xcassets; sourceTree = "<group>"; };
		078C2EE319CF31A3006938DA /* Base */ = {isa = PBXFileReference; lastKnownFileType = file.xib; name = Base; path = Base.lproj/LaunchScreen.xib; sourceTree = "<group>"; };
		078C2EE919CF31A3006938DA /* poolTests.xctest */ = {isa = PBXFileReference; explicitFileType = wrapper.cfbundle; includeInIndex = 0; path = poolTests.xctest; sourceTree = BUILT_PRODUCTS_DIR; };
		078C2EEE19CF31A3006938DA /* Info.plist */ = {isa = PBXFileReference; lastKnownFileType = text.plist.xml; path = Info.plist; sourceTree = "<group>"; };
		078C2EEF19CF31A3006938DA /* poolTests.swift */ = {isa = PBXFileReference; lastKnownFileType = sourcecode.swift; path = poolTests.swift; sourceTree = "<group>"; };
/* End PBXFileReference section */

/* Begin PBXFrameworksBuildPhase section */
		078C2ED119CF31A3006938DA /* Frameworks */ = {
			isa = PBXFrameworksBuildPhase;
			buildActionMask = 2147483647;
			files = (
			);
			runOnlyForDeploymentPostprocessing = 0;
		};
		078C2EE619CF31A3006938DA /* Frameworks */ = {
			isa = PBXFrameworksBuildPhase;
			buildActionMask = 2147483647;
			files = (
			);
			runOnlyForDeploymentPostprocessing = 0;
		};
/* End PBXFrameworksBuildPhase section */

/* Begin PBXGroup section */
		078C2ECB19CF31A3006938DA = {
			isa = PBXGroup;
			children = (
				078C2ED619CF31A3006938DA /* pool */,
				078C2EEC19CF31A3006938DA /* poolTests */,
				078C2ED519CF31A3006938DA /* Products */,
			);
			sourceTree = "<group>";
		};
		078C2ED519CF31A3006938DA /* Products */ = {
			isa = PBXGroup;
			children = (
				078C2ED419CF31A3006938DA /* pool.app */,
				078C2EE919CF31A3006938DA /* poolTests.xctest */,
			);
			name = Products;
			sourceTree = "<group>";
		};
		078C2ED619CF31A3006938DA /* pool */ = {
			isa = PBXGroup;
			children = (
				078C2ED919CF31A3006938DA /* AppDelegate.swift */,
				078C2EDB19CF31A3006938DA /* ViewController.swift */,
				078C2EDD19CF31A3006938DA /* Main.storyboard */,
				078C2EE019CF31A3006938DA /* Images.xcassets */,
				078C2EE219CF31A3006938DA /* LaunchScreen.xib */,
				078C2ED719CF31A3006938DA /* Supporting Files */,
			);
			path = pool;
			sourceTree = "<group>";
		};
		078C2ED719CF31A3006938DA /* Supporting Files */ = {
			isa = PBXGroup;
			children = (
				078C2ED819CF31A3006938DA /* Info.plist */,
			);
			name = "Supporting Files";
			sourceTree = "<group>";
		};
		078C2EEC19CF31A3006938DA /* poolTests */ = {
			isa = PBXGroup;
			children = (
				078C2EEF19CF31A3006938DA /* poolTests.swift */,
				078C2EED19CF31A3006938DA /* Supporting Files */,
			);
			path = poolTests;
			sourceTree = "<group>";
		};
		078C2EED19CF31A3006938DA /* Supporting Files */ = {
			isa = PBXGroup;
			children = (
				078C2EEE19CF31A3006938DA /* Info.plist */,
			);
			name = "Supporting Files";
			sourceTree = "<group>";
		};
/* End PBXGroup section */

/* Begin PBXNativeTarget section */
		078C2ED319CF31A3006938DA /* pool */ = {
			isa = PBXNativeTarget;
			buildConfigurationList = 078C2EF319CF31A3006938DA /* Build configuration list for PBXNativeTarget "pool" */;
			buildPhases = (
				078C2ED019CF31A3006938DA /* Sources */,
				078C2ED119CF31A3006938DA /* Frameworks */,
				078C2ED219CF31A3006938DA /* Resources */,
			);
			buildRules = (
			);
			dependencies = (
			);
			name = pool;
			productName = pool;
			productReference = 078C2ED419CF31A3006938DA /* pool.app */;
			productType = "com.apple.product-type.application";
		};
		078C2EE819CF31A3006938DA /* poolTests */ = {
			isa = PBXNativeTarget;
			buildConfigurationList = 078C2EF619CF31A3006938DA /* Build configuration list for PBXNativeTarget "poolTests" */;
			buildPhases = (
				078C2EE519CF31A3006938DA /* Sources */,
				078C2EE619CF31A3006938DA /* Frameworks */,
				078C2EE719CF31A3006938DA /* Resources */,
			);
			buildRules = (
			);
			dependencies = (
				078C2EEB19CF31A3006938DA /* PBXTargetDependency */,
			);
			name = poolTests;
			productName = poolTests;
			productReference = 078C2EE919CF31A3006938DA /* poolTests.xctest */;
			productType = "com.apple.product-type.bundle.unit-test";
		};
/* End PBXNativeTarget section */

/* Begin PBXProject section */
		078C2ECC19CF31A3006938DA /* Project object */ = {
			isa = PBXProject;
			attributes = {
				LastUpgradeCheck = 0600;
				ORGANIZATIONNAME = "Eric Buehl";
				TargetAttributes = {
					078C2ED319CF31A3006938DA = {
						CreatedOnToolsVersion = 6.0.1;
					};
					078C2EE819CF31A3006938DA = {
						CreatedOnToolsVersion = 6.0.1;
						TestTargetID = 078C2ED319CF31A3006938DA;
					};
				};
			};
			buildConfigurationList = 078C2ECF19CF31A3006938DA /* Build configuration list for PBXProject "pool" */;
			compatibilityVersion = "Xcode 3.2";
			developmentRegion = English;
			hasScannedForEncodings = 0;
			knownRegions = (
				en,
				Base,
			);
			mainGroup = 078C2ECB19CF31A3006938DA;
			productRefGroup = 078C2ED519CF31A3006938DA /* Products */;
			projectDirPath = "";
			projectRoot = "";
			targets = (
				078C2ED319CF31A3006938DA /* pool */,
				078C2EE819CF31A3006938DA /* poolTests */,
			);
		};
/* End PBXProject section */

/* Begin PBXResourcesBuildPhase section */
		078C2ED219CF31A3006938DA /* Resources */ = {
			isa = PBXResourcesBuildPhase;
			buildActionMask = 2147483647;
			files = (
				078C2EDF19CF31A3006938DA /* Main.storyboard in Resources */,
				078C2EE419CF31A3006938DA /* LaunchScreen.xib in Resources */,
				078C2EE119CF31A3006938DA /* Images.xcassets in Resources */,
			);
			runOnlyForDeploymentPostprocessing = 0;
		};
		078C2EE719CF31A3006938DA /* Resources */ = {
			isa = PBXResourcesBuildPhase;
			buildActionMask = 2147483647;
			files = (
			);
			runOnlyForDeploymentPostprocessing = 0;
		};
/* End PBXResourcesBuildPhase section */

/* Begin PBXSourcesBuildPhase section */
		078C2ED019CF31A3006938DA /* Sources */ = {
			isa = PBXSourcesBuildPhase;
			buildActionMask = 2147483647;
			files = (
				078C2EDC19CF31A3006938DA /* ViewController.swift in Sources */,
				078C2EDA19CF31A3006938DA /* AppDelegate.swift in Sources */,
			);
			runOnlyForDeploymentPostprocessing = 0;
		};
		078C2EE519CF31A3006938DA /* Sources */ = {
			isa = PBXSourcesBuildPhase;
			buildActionMask = 2147483647;
			files = (
				078C2EF019CF31A3006938DA /* poolTests.swift in Sources */,
			);
			runOnlyForDeploymentPostprocessing = 0;
		};
/* End PBXSourcesBuildPhase section */

/* Begin PBXTargetDependency section */
		078C2EEB19CF31A3006938DA /* PBXTargetDependency */ = {
			isa = PBXTargetDependency;
			target = 078C2ED319CF31A3006938DA /* pool */;
			targetProxy = 078C2EEA19CF31A3006938DA /* PBXContainerItemProxy */;
		};
/* End PBXTargetDependency section */

/* Begin PBXVariantGroup section */
		078C2EDD19CF31A3006938DA /* Main.storyboard */ = {
			isa = PBXVariantGroup;
			children = (
				078C2EDE19CF31A3006938DA /* Base */,
			);
			name = Main.storyboard;
			sourceTree = "<group>";
		};
		078C2EE219CF31A3006938DA /* LaunchScreen.xib */ = {
			isa = PBXVariantGroup;
			children = (
				078C2EE319CF31A3006938DA /* Base */,
			);
			name = LaunchScreen.xib;
			sourceTree = "<group>";
		};
/* End PBXVariantGroup section */

/* Begin XCBuildConfiguration section */
		078C2EF119CF31A3006938DA /* Debug */ = {
			isa = XCBuildConfiguration;
			buildSettings = {
				ALWAYS_SEARCH_USER_PATHS = NO;
				CLANG_CXX_LANGUAGE_STANDARD = "gnu++0x";
				CLANG_CXX_LIBRARY = "libc++";
				CLANG_ENABLE_MODULES = YES;
				CLANG_ENABLE_OBJC_ARC = YES;
				CLANG_WARN_BOOL_CONVERSION = YES;
				CLANG_WARN_CONSTANT_CONVERSION = YES;
				CLANG_WARN_DIRECT_OBJC_ISA_USAGE = YES_ERROR;
				CLANG_WARN_EMPTY_BODY = YES;
				CLANG_WARN_ENUM_CONVERSION = YES;
				CLANG_WARN_INT_CONVERSION = YES;
				CLANG_WARN_OBJC_ROOT_CLASS = YES_ERROR;
				CLANG_WARN_UNREACHABLE_CODE = YES;
				CLANG_WARN__DUPLICATE_METHOD_MATCH = YES;
				"CODE_SIGN_IDENTITY[sdk=iphoneos*]" = "iPhone Developer";
				COPY_PHASE_STRIP = NO;
				ENABLE_STRICT_OBJC_MSGSEND = YES;
				GCC_C_LANGUAGE_STANDARD = gnu99;
				GCC_DYNAMIC_NO_PIC = NO;
				GCC_OPTIMIZATION_LEVEL = 0;
				GCC_PREPROCESSOR_DEFINITIONS = (
					"DEBUG=1",
					"$(inherited)",
				);
				GCC_SYMBOLS_PRIVATE_EXTERN = NO;
				GCC_WARN_64_TO_32_BIT_CONVERSION = YES;
				GCC_WARN_ABOUT_RETURN_TYPE = YES_ERROR;
				GCC_WARN_UNDECLARED_SELECTOR = YES;
				GCC_WARN_UNINITIALIZED_AUTOS = YES_AGGRESSIVE;
				GCC_WARN_UNUSED_FUNCTION = YES;
				GCC_WARN_UNUSED_VARIABLE = YES;
				IPHONEOS_DEPLOYMENT_TARGET = 8.0;
				MTL_ENABLE_DEBUG_INFO = YES;
				ONLY_ACTIVE_ARCH = YES;
				SDKROOT = iphoneos;
				SWIFT_OPTIMIZATION_LEVEL = "-Onone";
				TARGETED_DEVICE_FAMILY = "1,2";
			};
			name = Debug;
		};
		078C2EF219CF31A3006938DA /* Release */ = {
			isa = XCBuildConfiguration;
			buildSettings = {
				ALWAYS_SEARCH_USER_PATHS = NO;
				CLANG_CXX_LANGUAGE_STANDARD = "gnu++0x";
				CLANG_CXX_LIBRARY = "libc++";
				CLANG_ENABLE_MODULES = YES;
				CLANG_ENABLE_OBJC_ARC = YES;
				CLANG_WARN_BOOL_CONVERSION = YES;
				CLANG_WARN_CONSTANT_CONVERSION = YES;
				CLANG_WARN_DIRECT_OBJC_ISA_USAGE = YES_ERROR;
				CLANG_WARN_EMPTY_BODY = YES;
				CLANG_WARN_ENUM_CONVERSION = YES;
				CLANG_WARN_INT_CONVERSION = YES;
				CLANG_WARN_OBJC_ROOT_CLASS = YES_ERROR;
				CLANG_WARN_UNREACHABLE_CODE = YES;
				CLANG_WARN__DUPLICATE_METHOD_MATCH = YES;
				"CODE_SIGN_IDENTITY[sdk=iphoneos*]" = "iPhone Developer";
				COPY_PHASE_STRIP = YES;
				ENABLE_NS_ASSERTIONS = NO;
				ENABLE_STRICT_OBJC_MSGSEND = YES;
				GCC_C_LANGUAGE_STANDARD = gnu99;
				GCC_WARN_64_TO_32_BIT_CONVERSION = YES;
				GCC_WARN_ABOUT_RETURN_TYPE = YES_ERROR;
				GCC_WARN_UNDECLARED_SELECTOR = YES;
				GCC_WARN_UNINITIALIZED_AUTOS = YES_AGGRESSIVE;
				GCC_WARN_UNUSED_FUNCTION = YES;
				GCC_WARN_UNUSED_VARIABLE = YES;
				IPHONEOS_DEPLOYMENT_TARGET = 8.0;
				MTL_ENABLE_DEBUG_INFO = NO;
				SDKROOT = iphoneos;
				TARGETED_DEVICE_FAMILY = "1,2";
				VALIDATE_PRODUCT = YES;
			};
			name = Release;
		};
		078C2EF419CF31A3006938DA /* Debug */ = {
			isa = XCBuildConfiguration;
			buildSettings = {
				ASSETCATALOG_COMPILER_APPICON_NAME = AppIcon;
				INFOPLIST_FILE = pool/Info.plist;
				LD_RUNPATH_SEARCH_PATHS = "$(inherited) @executable_path/Frameworks";
				PRODUCT_NAME = "$(TARGET_NAME)";
			};
			name = Debug;
		};
		078C2EF519CF31A3006938DA /* Release */ = {
			isa = XCBuildConfiguration;
			buildSettings = {
				ASSETCATALOG_COMPILER_APPICON_NAME = AppIcon;
				INFOPLIST_FILE = pool/Info.plist;
				LD_RUNPATH_SEARCH_PATHS = "$(inherited) @executable_path/Frameworks";
				PRODUCT_NAME = "$(TARGET_NAME)";
			};
			name = Release;
		};
		078C2EF719CF31A3006938DA /* Debug */ = {
			isa = XCBuildConfiguration;
			buildSettings = {
				BUNDLE_LOADER = "$(TEST_HOST)";
				FRAMEWORK_SEARCH_PATHS = (
					"$(SDKROOT)/Developer/Library/Frameworks",
					"$(inherited)",
				);
				GCC_PREPROCESSOR_DEFINITIONS = (
					"DEBUG=1",
					"$(inherited)",
				);
				INFOPLIST_FILE = poolTests/Info.plist;
				LD_RUNPATH_SEARCH_PATHS = "$(inherited) @executable_path/Frameworks @loader_path/Frameworks";
				PRODUCT_NAME = "$(TARGET_NAME)";
				TEST_HOST = "$(BUILT_PRODUCTS_DIR)/pool.app/pool";
			};
			name = Debug;
		};
		078C2EF819CF31A3006938DA /* Release */ = {
			isa = XCBuildConfiguration;
			buildSettings = {
				BUNDLE_LOADER = "$(TEST_HOST)";
				FRAMEWORK_SEARCH_PATHS = (
					"$(SDKROOT)/Developer/Library/Frameworks",
					"$(inherited)",
				);
				INFOPLIST_FILE = poolTests/Info.plist;
				LD_RUNPATH_SEARCH_PATHS = "$(inherited) @executable_path/Frameworks @loader_path/Frameworks";
				PRODUCT_NAME = "$(TARGET_NAME)";
				TEST_HOST = "$(BUILT_PRODUCTS_DIR)/pool.app/pool";
			};
			name = Release;
		};
/* End XCBuildConfiguration section */

/* Begin XCConfigurationList section */
		078C2ECF19CF31A3006938DA /* Build configuration list for PBXProject "pool" */ = {
			isa = XCConfigurationList;
			buildConfigurations = (
				078C2EF119CF31A3006938DA /* Debug */,
				078C2EF219CF31A3006938DA /* Release */,
			);
			defaultConfigurationIsVisible = 0;
			defaultConfigurationName = Release;
		};
		078C2EF319CF31A3006938DA /* Build configuration list for PBXNativeTarget "pool" */ = {
			isa = XCConfigurationList;
			buildConfigurations = (
				078C2EF419CF31A3006938DA /* Debug */,
				078C2EF519CF31A3006938DA /* Release */,
			);
			defaultConfigurationIsVisible = 0;
		};
		078C2EF619CF31A3006938DA /* Build configuration list for PBXNativeTarget "poolTests" */ = {
			isa = XCConfigurationList;
			buildConfigurations = (
				078C2EF719CF31A3006938DA /* Debug */,
				078C2EF819CF31A3006938DA /* Release */,
			);
			defaultConfigurationIsVisible = 0;
		};
/* End XCConfigurationList section */
	};
	rootObject = 078C2ECC19CF31A3006938DA /* Project object */;
}
